
Microsoft Visual Studio Solution File, Format Version 12.00
# Visual Studio Version 17
VisualStudioVersion = 17.0.31903.59
MinimumVisualStudioVersion = 10.0.40219.1
Project("{FAE04EC0-301F-11D3-BF4B-00C04F79EFBC}") = "console_app", "console_app\console_app.csproj", "{B70492AF-3513-4FFF-B862-3DC5C54F494F}"
EndProject
Project("{FAE04EC0-301F-11D3-BF4B-00C04F79EFBC}") = "tests", "tests\tests.csproj", "{C0742BF0-E9D3-4B4B-B343-703D93FD24E9}"
EndProject
Project("{FAE04EC0-301F-11D3-BF4B-00C04F79EFBC}") = "library", "library\library.csproj", "{F42A802E-D5DE-4AD6-A839-276961C7A10D}"
EndProject
Global
	GlobalSection(SolutionConfigurationPlatforms) = preSolution
		Debug|Any CPU = Debug|Any CPU
		Release|Any CPU = Release|Any CPU
	EndGlobalSection
	GlobalSection(SolutionProperties) = preSolution
		HideSolutionNode = FALSE
	EndGlobalSection
	GlobalSection(ProjectConfigurationPlatforms) = postSolution
		{B70492AF-3513-4FFF-B862-3DC5C54F494F}.Debug|Any CPU.ActiveCfg = Debug|Any CPU
		{B70492AF-3513-4FFF-B862-3DC5C54F494F}.Debug|Any CPU.Build.0 = Debug|Any CPU
		{B70492AF-3513-4FFF-B862-3DC5C54F494F}.Release|Any CPU.ActiveCfg = Release|Any CPU
		{B70492AF-3513-4FFF-B862-3DC5C54F494F}.Release|Any CPU.Build.0 = Release|Any CPU
		{C0742BF0-E9D3-4B4B-B343-703D93FD24E9}.Debug|Any CPU.ActiveCfg = Debug|Any CPU
		{C0742BF0-E9D3-4B4B-B343-703D93FD24E9}.Debug|Any CPU.Build.0 = Debug|Any CPU
		{C0742BF0-E9D3-4B4B-B343-703D93FD24E9}.Release|Any CPU.ActiveCfg = Release|Any CPU
		{C0742BF0-E9D3-4B4B-B343-703D93FD24E9}.Release|Any CPU.Build.0 = Release|Any CPU
		{F42A802E-D5DE-4AD6-A839-276961C7A10D}.Debug|Any CPU.ActiveCfg = Debug|Any CPU
		{F42A802E-D5DE-4AD6-A839-276961C7A10D}.Debug|Any CPU.Build.0 = Debug|Any CPU
		{F42A802E-D5DE-4AD6-A839-276961C7A10D}.Release|Any CPU.ActiveCfg = Release|Any CPU
		{F42A802E-D5DE-4AD6-A839-276961C7A10D}.Release|Any CPU.Build.0 = Release|Any CPU
	EndGlobalSection
EndGlobal
